{
  "pins" : [
    {
      "identity" : "swiftui-introspect",
      "kind" : "remoteSourceControl",
      "location" : "https://github.com/siteline/SwiftUI-Introspect",
      "state" : {
        "revision" : "dafd88cf0cc09d906dcef9d042743ae13fcff0d4",
        "version" : "0.6.3"
      }
    }
  ],
  "version" : 2
}
